
Microsoft Visual Studio Solution File, Format Version 12.00
# Visual Studio 15
VisualStudioVersion = 15.0.28307.329
MinimumVisualStudioVersion = 10.0.40219.1
Project("{FAE04EC0-301F-11D3-BF4B-00C04F79EFBC}") = "NHibernateWebForm", "NHibernateWebForm\NHibernateWebForm.csproj", "{BA213876-D9B5-4B15-BEC0-E13F072C7CEF}"
EndProject
Global
	GlobalSection(SolutionConfigurationPlatforms) = preSolution
		Debug|Any CPU = Debug|Any CPU
		Release|Any CPU = Release|Any CPU
	EndGlobalSection
	GlobalSection(ProjectConfigurationPlatforms) = postSolution
		{BA213876-D9B5-4B15-BEC0-E13F072C7CEF}.Debug|Any CPU.ActiveCfg = Debug|Any CPU
		{BA213876-D9B5-4B15-BEC0-E13F072C7CEF}.Debug|Any CPU.Build.0 = Debug|Any CPU
		{BA213876-D9B5-4B15-BEC0-E13F072C7CEF}.Release|Any CPU.ActiveCfg = Release|Any CPU
		{BA213876-D9B5-4B15-BEC0-E13F072C7CEF}.Release|Any CPU.Build.0 = Release|Any CPU
	EndGlobalSection
	GlobalSection(SolutionProperties) = preSolution
		HideSolutionNode = FALSE
	EndGlobalSection
	GlobalSection(ExtensibilityGlobals) = postSolution
		SolutionGuid = {DAE48AE8-5E42-49CE-9A00-A3BB5BCB202B}
	EndGlobalSection
EndGlobal
